{
  "format_version": "0.1",
  "terraform_version": "0.12.20",
  "variables": {
    "bucket_name": {
      "value": "test-bucket"
    },
    "project": {
      "value": "test-project"
    },
    "region": {
      "value": "us-central1"
    },
    "zone": {
      "value": "us-central1-c"
    }
  },
  "planned_values": {
    "root_module": {
      "resources": [
        {
          "address": "google_storage_bucket.image-store",
          "mode": "managed",
          "type": "google_storage_bucket",
          "name": "image-store",
          "provider_name": "google",
          "schema_version": 0,
          "values": {
            "cors": [],
            "default_event_based_hold": null,
            "encryption": [],
            "force_destroy": false,
            "labels": null,
            "lifecycle_rule": [],
            "location": "EU",
            "logging": [],
            "name": "test-bucket",
            "requester_pays": null,
            "retention_policy": [],
            "storage_class": "STANDARD",
            "versioning": [],
            "website": []
          }
        }
      ],
      "child_modules": [
        {
          "address": "module.project",
          "child_modules": [
            {
              "resources": [
                {
                  "address": "module.project.module.project-factory.data.null_data_source.default_service_account",
                  "mode": "data",
                  "type": "null_data_source",
                  "name": "default_service_account",
                  "provider_name": "null",
                  "schema_version": 0,
                  "values": {
                    "inputs": {}
                  }
                },
                {
                  "address": "module.project.module.project-factory.google_project.main",
                  "mode": "managed",
                  "type": "google_project",
                  "name": "main",
                  "provider_name": "google",
                  "schema_version": 1,
                  "values": {
                    "auto_create_network": false,
                    "billing_account": "ABC-DEF",
                    "folder_id": "456",
                    "labels": null,
                    "name": "test-project",
                    "project_id": "test-project",
                    "timeouts": null
                  }
                },
                {
                  "address": "module.project.module.project-factory.google_resource_manager_lien.lien[0]",
                  "mode": "managed",
                  "type": "google_resource_manager_lien",
                  "name": "lien",
                  "index": 0,
                  "provider_name": "google",
                  "schema_version": 0,
                  "values": {
                    "origin": "project-factory",
                    "reason": "Project Factory lien",
                    "restrictions": [
                      "resourcemanager.projects.delete"
                    ],
                    "timeouts": null
                  }
                },
                {
                  "address": "module.project.module.project-factory.google_service_account.default_service_account",
                  "mode": "managed",
                  "type": "google_service_account",
                  "name": "default_service_account",
                  "provider_name": "google",
                  "schema_version": 0,
                  "values": {
                    "account_id": "project-service-account",
                    "description": null,
                    "display_name": "test-project Project Service Account",
                    "project": "test-project"
                  }
                },
                {
                  "address": "module.project.module.project-factory.null_resource.preconditions",
                  "mode": "managed",
                  "type": "null_resource",
                  "name": "preconditions",
                  "provider_name": "null",
                  "schema_version": 0,
                  "values": {
                    "triggers": {
                      "billing_account": "ABC-DEF",
                      "credentials_path": "",
                      "folder_id": "456",
                      "org_id": "123",
                      "shared_vpc": ""
                    }
                  }
                },
                {
                  "address": "module.project.module.project-factory.null_resource.shared_vpc_subnet_invalid_name[0]",
                  "mode": "managed",
                  "type": "null_resource",
                  "name": "shared_vpc_subnet_invalid_name",
                  "index": 0,
                  "provider_name": "null",
                  "schema_version": 0,
                  "values": {
                    "triggers": {
                      "name": ""
                    }
                  }
                },
                {
                  "address": "module.project.module.project-factory.random_id.random_project_id_suffix",
                  "mode": "managed",
                  "type": "random_id",
                  "name": "random_project_id_suffix",
                  "provider_name": "random",
                  "schema_version": 0,
                  "values": {
                    "byte_length": 2,
                    "keepers": null,
                    "prefix": null
                  }
                }
              ],
              "address": "module.project.module.project-factory",
              "child_modules": [
                {
                  "resources": [
                    {
                      "address": "module.project.module.project-factory.module.gcloud_delete.random_id.cache",
                      "mode": "managed",
                      "type": "random_id",
                      "name": "cache",
                      "provider_name": "random",
                      "schema_version": 0,
                      "values": {
                        "byte_length": 4,
                        "keepers": null,
                        "prefix": null
                      }
                    }
                  ],
                  "address": "module.project.module.project-factory.module.gcloud_delete"
                },
                {
                  "resources": [
                    {
                      "address": "module.project.module.project-factory.module.gcloud_deprivilege.random_id.cache",
                      "mode": "managed",
                      "type": "random_id",
                      "name": "cache",
                      "provider_name": "random",
                      "schema_version": 0,
                      "values": {
                        "byte_length": 4,
                        "keepers": null,
                        "prefix": null
                      }
                    }
                  ],
                  "address": "module.project.module.project-factory.module.gcloud_deprivilege"
                },
                {
                  "resources": [
                    {
                      "address": "module.project.module.project-factory.module.gcloud_disable.random_id.cache",
                      "mode": "managed",
                      "type": "random_id",
                      "name": "cache",
                      "provider_name": "random",
                      "schema_version": 0,
                      "values": {
                        "byte_length": 4,
                        "keepers": null,
                        "prefix": null
                      }
                    }
                  ],
                  "address": "module.project.module.project-factory.module.gcloud_disable"
                },
                {
                  "resources": [
                    {
                      "address": "module.project.module.project-factory.module.project_services.google_project_service.project_services[\"compute.googleapis.com\"]",
                      "mode": "managed",
                      "type": "google_project_service",
                      "name": "project_services",
                      "index": "compute.googleapis.com",
                      "provider_name": "google",
                      "schema_version": 0,
                      "values": {
                        "disable_dependent_services": true,
                        "disable_on_destroy": true,
                        "project": "test-project",
                        "service": "compute.googleapis.com",
                        "timeouts": null
                      }
                    }
                  ],
                  "address": "module.project.module.project-factory.module.project_services"
                }
              ]
            }
          ]
        }
      ]
    }
  },
  "resource_changes": [
    {
      "address": "google_storage_bucket.gcs_tf_bucket",
      "mode": "managed",
      "type": "google_storage_bucket",
      "name": "gcs_tf_bucket",
      "provider_name": "google",
      "change": {
        "actions": [
          "create"
        ],
        "before": null,
        "after": {
          "cors": [],
          "encryption": [],
          "force_destroy": false,
          "labels": null,
          "lifecycle_rule": [],
          "location": "US",
          "logging": [],
          "name": "test-bucket",
          "requester_pays": null,
          "retention_policy": [],
          "storage_class": "STANDARD",
          "versioning": [],
          "website": [
            {
              "main_page_suffix": "index.html",
              "not_found_page": "404.html"
            }
          ]
        },
        "after_unknown": {
          "bucket_policy_only": true,
          "cors": [],
          "encryption": [],
          "id": true,
          "lifecycle_rule": [],
          "logging": [],
          "project": true,
          "retention_policy": [],
          "self_link": true,
          "url": true,
          "versioning": [],
          "website": [
            {}
          ]
        }
      }
    },
    {
      "address": "google_project_service.enable_container_registry",
      "mode": "managed",
      "type": "google_project_service",
      "name": "enable_container_registry",
      "provider_name": "google",
      "change": {
        "actions": [
          "delete",
          "create"
        ],
        "before": null,
        "after": {
          "disable_dependent_services": null,
          "disable_on_destroy": true,
          "project": "test-project",
          "service": "containerregistry.googleapis.com",
          "timeouts": null
        },
        "after_unknown": {
          "id": true
        }
      }
    }
  ],
  "configuration": {
    "provider_config": {
      "google": {
        "name": "google",
        "version_constraint": "3.5.0",
        "alias": "myprovider",
        "expressions": {
          "credentials": {},
          "location": {
            "constant_value": "US"
          },
          "project": {
            "references": [
              "var.project"
            ]
          },
          "region": {
            "references": [
              "var.region"
            ]
          },
          "zone": {
            "references": [
              "var.zone"
            ]
          }
        }
      }
    },
    "root_module": {
      "resources": [
        {
          "address": "google_storage_bucket.gcs_tf_bucket",
          "mode": "managed",
          "type": "google_storage_bucket",
          "name": "gcs_tf_bucket",
          "provider_config_key": "google",
          "expressions": {
            "location": {
              "constant_value": "US"
            },
            "name": {
              "references": [
                "var.bucket_name"
              ]
            },
            "website": [
              {
                "main_page_suffix": {
                  "constant_value": "index.html"
                },
                "not_found_page": {
                  "constant_value": "404.html"
                }
              }
            ]
          },
          "schema_version": 0
        }
      ]
    }
  }
}
